
Microsoft Visual Studio Solution File, Format Version 12.00
# Visual Studio Version 16
VisualStudioVersion = 16.0.31911.196
MinimumVisualStudioVersion = 10.0.40219.1
Project("{FAE04EC0-301F-11D3-BF4B-00C04F79EFBC}") = "UrlRoutingDemo", "UrlRoutingDemo.csproj", "{791B3428-EABE-40A8-A083-4A36F2B4A19C}"
EndProject
Global
	GlobalSection(SolutionConfigurationPlatforms) = preSolution
		Debug|Any CPU = Debug|Any CPU
		Release|Any CPU = Release|Any CPU
	EndGlobalSection
	GlobalSection(ProjectConfigurationPlatforms) = postSolution
		{791B3428-EABE-40A8-A083-4A36F2B4A19C}.Debug|Any CPU.ActiveCfg = Debug|Any CPU
		{791B3428-EABE-40A8-A083-4A36F2B4A19C}.Debug|Any CPU.Build.0 = Debug|Any CPU
		{791B3428-EABE-40A8-A083-4A36F2B4A19C}.Release|Any CPU.ActiveCfg = Release|Any CPU
		{791B3428-EABE-40A8-A083-4A36F2B4A19C}.Release|Any CPU.Build.0 = Release|Any CPU
	EndGlobalSection
	GlobalSection(SolutionProperties) = preSolution
		HideSolutionNode = FALSE
	EndGlobalSection
	GlobalSection(ExtensibilityGlobals) = postSolution
		SolutionGuid = {51E89357-4A0E-4780-828C-049E36225716}
	EndGlobalSection
EndGlobal
