
Microsoft Visual Studio Solution File, Format Version 12.00
# Visual Studio Version 16
VisualStudioVersion = 16.0.31911.196
MinimumVisualStudioVersion = 10.0.40219.1
Project("{FAE04EC0-301F-11D3-BF4B-00C04F79EFBC}") = "ModelDemo", "ModelDemo.csproj", "{236E02BC-E074-4885-8293-1635C61D01F9}"
EndProject
Global
	GlobalSection(SolutionConfigurationPlatforms) = preSolution
		Debug|Any CPU = Debug|Any CPU
		Release|Any CPU = Release|Any CPU
	EndGlobalSection
	GlobalSection(ProjectConfigurationPlatforms) = postSolution
		{236E02BC-E074-4885-8293-1635C61D01F9}.Debug|Any CPU.ActiveCfg = Debug|Any CPU
		{236E02BC-E074-4885-8293-1635C61D01F9}.Debug|Any CPU.Build.0 = Debug|Any CPU
		{236E02BC-E074-4885-8293-1635C61D01F9}.Release|Any CPU.ActiveCfg = Release|Any CPU
		{236E02BC-E074-4885-8293-1635C61D01F9}.Release|Any CPU.Build.0 = Release|Any CPU
	EndGlobalSection
	GlobalSection(SolutionProperties) = preSolution
		HideSolutionNode = FALSE
	EndGlobalSection
	GlobalSection(ExtensibilityGlobals) = postSolution
		SolutionGuid = {6B3BBCA7-67BE-44AF-95CE-EFC483C6792F}
	EndGlobalSection
EndGlobal
